
Microsoft Visual Studio Solution File, Format Version 12.00
# Visual Studio 15
VisualStudioVersion = 15.0.28307.1145
MinimumVisualStudioVersion = 10.0.40219.1
Project("{FAE04EC0-301F-11D3-BF4B-00C04F79EFBC}") = "CSCAsgn1Task8", "CSCAsgn1Task8\CSCAsgn1Task8.csproj", "{A5C50758-099F-4B57-A71F-ADEF33FA4903}"
EndProject
Global
	GlobalSection(SolutionConfigurationPlatforms) = preSolution
		Debug|Any CPU = Debug|Any CPU
		Release|Any CPU = Release|Any CPU
	EndGlobalSection
	GlobalSection(ProjectConfigurationPlatforms) = postSolution
		{A5C50758-099F-4B57-A71F-ADEF33FA4903}.Debug|Any CPU.ActiveCfg = Debug|Any CPU
		{A5C50758-099F-4B57-A71F-ADEF33FA4903}.Debug|Any CPU.Build.0 = Debug|Any CPU
		{A5C50758-099F-4B57-A71F-ADEF33FA4903}.Release|Any CPU.ActiveCfg = Release|Any CPU
		{A5C50758-099F-4B57-A71F-ADEF33FA4903}.Release|Any CPU.Build.0 = Release|Any CPU
	EndGlobalSection
	GlobalSection(SolutionProperties) = preSolution
		HideSolutionNode = FALSE
	EndGlobalSection
	GlobalSection(ExtensibilityGlobals) = postSolution
		SolutionGuid = {808752C8-2763-4FB4-A742-CB27129796D1}
	EndGlobalSection
EndGlobal
